
Microsoft Visual Studio Solution File, Format Version 12.00
# Visual Studio Version 16
VisualStudioVersion = 16.0.31402.337
MinimumVisualStudioVersion = 10.0.40219.1
Project("{FAE04EC0-301F-11D3-BF4B-00C04F79EFBC}") = "DependencyInversionPractice", "DependencyInversionPractice.csproj", "{D6089A17-A2C7-4EA2-8312-F87D4C313C8A}"
EndProject
Global
	GlobalSection(SolutionConfigurationPlatforms) = preSolution
		Debug|Any CPU = Debug|Any CPU
		Release|Any CPU = Release|Any CPU
	EndGlobalSection
	GlobalSection(ProjectConfigurationPlatforms) = postSolution
		{D6089A17-A2C7-4EA2-8312-F87D4C313C8A}.Debug|Any CPU.ActiveCfg = Debug|Any CPU
		{D6089A17-A2C7-4EA2-8312-F87D4C313C8A}.Debug|Any CPU.Build.0 = Debug|Any CPU
		{D6089A17-A2C7-4EA2-8312-F87D4C313C8A}.Release|Any CPU.ActiveCfg = Release|Any CPU
		{D6089A17-A2C7-4EA2-8312-F87D4C313C8A}.Release|Any CPU.Build.0 = Release|Any CPU
	EndGlobalSection
	GlobalSection(SolutionProperties) = preSolution
		HideSolutionNode = FALSE
	EndGlobalSection
	GlobalSection(ExtensibilityGlobals) = postSolution
		SolutionGuid = {43AE35F0-A13F-489D-B43A-106268BD0B50}
	EndGlobalSection
EndGlobal
