
Microsoft Visual Studio Solution File, Format Version 12.00
# Visual Studio Version 16
VisualStudioVersion = 16.0.31402.337
MinimumVisualStudioVersion = 10.0.40219.1
Project("{9A19103F-16F7-4668-BE54-9A1E7A4F7556}") = "DependencyInversionPractice", "DependencyInversionPractice.csproj", "{D6089A17-A2C7-4EA2-8312-F87D4C313C8A}"
	ProjectSection(ProjectDependencies) = postProject
		{B7472F66-4AE9-4B0C-B961-3070810588D1} = {B7472F66-4AE9-4B0C-B961-3070810588D1}
	EndProjectSection
EndProject
Project("{9A19103F-16F7-4668-BE54-9A1E7A4F7556}") = "Shop 2.0", "..\..\homework\Shop 2.0\Shop 2.0\Shop 2.0.csproj", "{B7472F66-4AE9-4B0C-B961-3070810588D1}"
EndProject
Global
	GlobalSection(SolutionConfigurationPlatforms) = preSolution
		Debug|Any CPU = Debug|Any CPU
		Release|Any CPU = Release|Any CPU
	EndGlobalSection
	GlobalSection(ProjectConfigurationPlatforms) = postSolution
		{D6089A17-A2C7-4EA2-8312-F87D4C313C8A}.Debug|Any CPU.ActiveCfg = Debug|Any CPU
		{D6089A17-A2C7-4EA2-8312-F87D4C313C8A}.Debug|Any CPU.Build.0 = Debug|Any CPU
		{D6089A17-A2C7-4EA2-8312-F87D4C313C8A}.Release|Any CPU.ActiveCfg = Release|Any CPU
		{D6089A17-A2C7-4EA2-8312-F87D4C313C8A}.Release|Any CPU.Build.0 = Release|Any CPU
		{B7472F66-4AE9-4B0C-B961-3070810588D1}.Debug|Any CPU.ActiveCfg = Debug|Any CPU
		{B7472F66-4AE9-4B0C-B961-3070810588D1}.Debug|Any CPU.Build.0 = Debug|Any CPU
		{B7472F66-4AE9-4B0C-B961-3070810588D1}.Release|Any CPU.ActiveCfg = Release|Any CPU
		{B7472F66-4AE9-4B0C-B961-3070810588D1}.Release|Any CPU.Build.0 = Release|Any CPU
	EndGlobalSection
	GlobalSection(SolutionProperties) = preSolution
		HideSolutionNode = FALSE
	EndGlobalSection
	GlobalSection(ExtensibilityGlobals) = postSolution
		SolutionGuid = {43AE35F0-A13F-489D-B43A-106268BD0B50}
	EndGlobalSection
EndGlobal
